{
	"name": "cherymobile",
	"version": "0.0.1",
	"lockfileVersion": 1,
	"requires": true,
	"dependencies": {
		"lodash": {
			"version": "4.17.4",
			"resolved": "http://registry.npm.taobao.org/lodash/download/lodash-4.17.4.tgz",
			"integrity": "sha1-eCA6TRwyiuHYbcpkYONptX9AVa4="
		},
		"react-native-navigation": {
			"version": "1.1.212",
			"resolved": "http://registry.npm.taobao.org/react-native-navigation/download/react-native-navigation-1.1.212.tgz",
			"integrity": "sha1-nof3ScxLpo0dd3spV81oQAiEsiw=",
			"requires": {
				"lodash": "4.17.4"
			}
		}
	}
}
